// !$*UTF8*$!
{
	archiveVersion = 1;
	classes = {
	};
	objectVersion = 46;
	objects = {

/* Begin PBXBuildFile section */
		26EAF1284ADD9A0709FF1C9E /* Pods_InstaSwipe.framework in Frameworks */ = {isa = PBXBuildFile; fileRef = 03AF68CC97F9E3C44AC6BC88 /* Pods_InstaSwipe.framework */; settings = {ATTRIBUTES = (Weak, ); }; };
		9626154F1BD3F745001ADE16 /* AppDelegate.swift in Sources */ = {isa = PBXBuildFile; fileRef = 9626154E1BD3F745001ADE16 /* AppDelegate.swift */; };
		962615511BD3F745001ADE16 /* ViewController.swift in Sources */ = {isa = PBXBuildFile; fileRef = 962615501BD3F745001ADE16 /* ViewController.swift */; };
		962615541BD3F745001ADE16 /* Main.storyboard in Resources */ = {isa = PBXBuildFile; fileRef = 962615521BD3F745001ADE16 /* Main.storyboard */; };
		962615561BD3F745001ADE16 /* Assets.xcassets in Resources */ = {isa = PBXBuildFile; fileRef = 962615551BD3F745001ADE16 /* Assets.xcassets */; };
		962615591BD3F745001ADE16 /* LaunchScreen.storyboard in Resources */ = {isa = PBXBuildFile; fileRef = 962615571BD3F745001ADE16 /* LaunchScreen.storyboard */; };
		962615621BD40004001ADE16 /* LoginViewController.swift in Sources */ = {isa = PBXBuildFile; fileRef = 962615611BD40004001ADE16 /* LoginViewController.swift */; settings = {ASSET_TAGS = (); }; };
		9626156A1BD40EE5001ADE16 /* InstagramManager.m in Sources */ = {isa = PBXBuildFile; fileRef = 962615691BD40EE5001ADE16 /* InstagramManager.m */; settings = {ASSET_TAGS = (); }; };
		9626156C1BD416FB001ADE16 /* CardOverlayView.swift in Sources */ = {isa = PBXBuildFile; fileRef = 9626156B1BD416FB001ADE16 /* CardOverlayView.swift */; settings = {ASSET_TAGS = (); }; };
		9626156E1BD4171B001ADE16 /* CardOverlayView.xib in Resources */ = {isa = PBXBuildFile; fileRef = 9626156D1BD4171B001ADE16 /* CardOverlayView.xib */; settings = {ASSET_TAGS = (); }; };
		962615701BD43426001ADE16 /* CardView.xib in Resources */ = {isa = PBXBuildFile; fileRef = 9626156F1BD43426001ADE16 /* CardView.xib */; settings = {ASSET_TAGS = (); }; };
		962615721BD44FBF001ADE16 /* CardView.swift in Sources */ = {isa = PBXBuildFile; fileRef = 962615711BD44FBF001ADE16 /* CardView.swift */; settings = {ASSET_TAGS = (); }; };
/* End PBXBuildFile section */

/* Begin PBXFileReference section */
		03AF68CC97F9E3C44AC6BC88 /* Pods_InstaSwipe.framework */ = {isa = PBXFileReference; explicitFileType = wrapper.framework; includeInIndex = 0; path = Pods_InstaSwipe.framework; sourceTree = BUILT_PRODUCTS_DIR; };
		2C64AD828E028987834A4135 /* Pods-InstaSwipe.release.xcconfig */ = {isa = PBXFileReference; includeInIndex = 1; lastKnownFileType = text.xcconfig; name = "Pods-InstaSwipe.release.xcconfig"; path = "Pods/Target Support Files/Pods-InstaSwipe/Pods-InstaSwipe.release.xcconfig"; sourceTree = "<group>"; };
		7314393556F2FB8ACA2B62AC /* Pods-InstaSwipe.debug.xcconfig */ = {isa = PBXFileReference; includeInIndex = 1; lastKnownFileType = text.xcconfig; name = "Pods-InstaSwipe.debug.xcconfig"; path = "Pods/Target Support Files/Pods-InstaSwipe/Pods-InstaSwipe.debug.xcconfig"; sourceTree = "<group>"; };
		9626154B1BD3F745001ADE16 /* InstaSwipe.app */ = {isa = PBXFileReference; explicitFileType = wrapper.application; includeInIndex = 0; path = InstaSwipe.app; sourceTree = BUILT_PRODUCTS_DIR; };
		9626154E1BD3F745001ADE16 /* AppDelegate.swift */ = {isa = PBXFileReference; lastKnownFileType = sourcecode.swift; path = AppDelegate.swift; sourceTree = "<group>"; };
		962615501BD3F745001ADE16 /* ViewController.swift */ = {isa = PBXFileReference; lastKnownFileType = sourcecode.swift; path = ViewController.swift; sourceTree = "<group>"; };
		962615531BD3F745001ADE16 /* Base */ = {isa = PBXFileReference; lastKnownFileType = file.storyboard; name = Base; path = Base.lproj/Main.storyboard; sourceTree = "<group>"; };
		962615551BD3F745001ADE16 /* Assets.xcassets */ = {isa = PBXFileReference; lastKnownFileType = folder.assetcatalog; path = Assets.xcassets; sourceTree = "<group>"; };
		962615581BD3F745001ADE16 /* Base */ = {isa = PBXFileReference; lastKnownFileType = file.storyboard; name = Base; path = Base.lproj/LaunchScreen.storyboard; sourceTree = "<group>"; };
		9626155A1BD3F745001ADE16 /* Info.plist */ = {isa = PBXFileReference; lastKnownFileType = text.plist.xml; path = Info.plist; sourceTree = "<group>"; };
		962615611BD40004001ADE16 /* LoginViewController.swift */ = {isa = PBXFileReference; fileEncoding = 4; lastKnownFileType = sourcecode.swift; path = LoginViewController.swift; sourceTree = "<group>"; };
		962615641BD401B8001ADE16 /* InstaSwipe-Bridging-Header.h */ = {isa = PBXFileReference; lastKnownFileType = sourcecode.c.h; path = "InstaSwipe-Bridging-Header.h"; sourceTree = "<group>"; };
		962615681BD40EE5001ADE16 /* InstagramManager.h */ = {isa = PBXFileReference; fileEncoding = 4; lastKnownFileType = sourcecode.c.h; path = InstagramManager.h; sourceTree = "<group>"; };
		962615691BD40EE5001ADE16 /* InstagramManager.m */ = {isa = PBXFileReference; fileEncoding = 4; lastKnownFileType = sourcecode.c.objc; path = InstagramManager.m; sourceTree = "<group>"; };
		9626156B1BD416FB001ADE16 /* CardOverlayView.swift */ = {isa = PBXFileReference; fileEncoding = 4; lastKnownFileType = sourcecode.swift; path = CardOverlayView.swift; sourceTree = "<group>"; };
		9626156D1BD4171B001ADE16 /* CardOverlayView.xib */ = {isa = PBXFileReference; fileEncoding = 4; lastKnownFileType = file.xib; path = CardOverlayView.xib; sourceTree = "<group>"; };
		9626156F1BD43426001ADE16 /* CardView.xib */ = {isa = PBXFileReference; fileEncoding = 4; lastKnownFileType = file.xib; path = CardView.xib; sourceTree = "<group>"; };
		962615711BD44FBF001ADE16 /* CardView.swift */ = {isa = PBXFileReference; fileEncoding = 4; lastKnownFileType = sourcecode.swift; path = CardView.swift; sourceTree = "<group>"; };
/* End PBXFileReference section */

/* Begin PBXFrameworksBuildPhase section */
		962615481BD3F745001ADE16 /* Frameworks */ = {
			isa = PBXFrameworksBuildPhase;
			buildActionMask = 2147483647;
			files = (
				26EAF1284ADD9A0709FF1C9E /* Pods_InstaSwipe.framework in Frameworks */,
			);
			runOnlyForDeploymentPostprocessing = 0;
		};
/* End PBXFrameworksBuildPhase section */

/* Begin PBXGroup section */
		44CD2DB729BA4EC67114ECF2 /* Frameworks */ = {
			isa = PBXGroup;
			children = (
				03AF68CC97F9E3C44AC6BC88 /* Pods_InstaSwipe.framework */,
			);
			name = Frameworks;
			sourceTree = "<group>";
		};
		5CBDB08DAD3E62A2BB490280 /* Pods */ = {
			isa = PBXGroup;
			children = (
				7314393556F2FB8ACA2B62AC /* Pods-InstaSwipe.debug.xcconfig */,
				2C64AD828E028987834A4135 /* Pods-InstaSwipe.release.xcconfig */,
			);
			name = Pods;
			sourceTree = "<group>";
		};
		962615421BD3F745001ADE16 = {
			isa = PBXGroup;
			children = (
				9626154D1BD3F745001ADE16 /* InstaSwipe */,
				9626154C1BD3F745001ADE16 /* Products */,
				5CBDB08DAD3E62A2BB490280 /* Pods */,
				44CD2DB729BA4EC67114ECF2 /* Frameworks */,
			);
			sourceTree = "<group>";
		};
		9626154C1BD3F745001ADE16 /* Products */ = {
			isa = PBXGroup;
			children = (
				9626154B1BD3F745001ADE16 /* InstaSwipe.app */,
			);
			name = Products;
			sourceTree = "<group>";
		};
		9626154D1BD3F745001ADE16 /* InstaSwipe */ = {
			isa = PBXGroup;
			children = (
				962615601BD3F9A8001ADE16 /* Storyboards */,
				9626154E1BD3F745001ADE16 /* AppDelegate.swift */,
				962615501BD3F745001ADE16 /* ViewController.swift */,
				962615611BD40004001ADE16 /* LoginViewController.swift */,
				9626156B1BD416FB001ADE16 /* CardOverlayView.swift */,
				962615711BD44FBF001ADE16 /* CardView.swift */,
				9626156D1BD4171B001ADE16 /* CardOverlayView.xib */,
				9626156F1BD43426001ADE16 /* CardView.xib */,
				962615641BD401B8001ADE16 /* InstaSwipe-Bridging-Header.h */,
				962615681BD40EE5001ADE16 /* InstagramManager.h */,
				962615691BD40EE5001ADE16 /* InstagramManager.m */,
				9626155A1BD3F745001ADE16 /* Info.plist */,
			);
			path = InstaSwipe;
			sourceTree = "<group>";
		};
		962615601BD3F9A8001ADE16 /* Storyboards */ = {
			isa = PBXGroup;
			children = (
				962615521BD3F745001ADE16 /* Main.storyboard */,
				962615551BD3F745001ADE16 /* Assets.xcassets */,
				962615571BD3F745001ADE16 /* LaunchScreen.storyboard */,
			);
			name = Storyboards;
			sourceTree = "<group>";
		};
/* End PBXGroup section */

/* Begin PBXNativeTarget section */
		9626154A1BD3F745001ADE16 /* InstaSwipe */ = {
			isa = PBXNativeTarget;
			buildConfigurationList = 9626155D1BD3F745001ADE16 /* Build configuration list for PBXNativeTarget "InstaSwipe" */;
			buildPhases = (
				71EEF4D5F006B82F833F641F /* Check Pods Manifest.lock */,
				962615471BD3F745001ADE16 /* Sources */,
				962615481BD3F745001ADE16 /* Frameworks */,
				962615491BD3F745001ADE16 /* Resources */,
				309FCE33D0C3120564BC4EB9 /* Embed Pods Frameworks */,
				8D1475039F2EDF0FE1FAEE7A /* Copy Pods Resources */,
			);
			buildRules = (
			);
			dependencies = (
			);
			name = InstaSwipe;
			productName = InstaSwipe;
			productReference = 9626154B1BD3F745001ADE16 /* InstaSwipe.app */;
			productType = "com.apple.product-type.application";
		};
/* End PBXNativeTarget section */

/* Begin PBXProject section */
		962615431BD3F745001ADE16 /* Project object */ = {
			isa = PBXProject;
			attributes = {
				LastSwiftUpdateCheck = 0700;
				LastUpgradeCheck = 0700;
				ORGANIZATIONNAME = "Edwin Bosire";
				TargetAttributes = {
					9626154A1BD3F745001ADE16 = {
						CreatedOnToolsVersion = 7.0;
					};
				};
			};
			buildConfigurationList = 962615461BD3F745001ADE16 /* Build configuration list for PBXProject "InstaSwipe" */;
			compatibilityVersion = "Xcode 3.2";
			developmentRegion = English;
			hasScannedForEncodings = 0;
			knownRegions = (
				en,
				Base,
			);
			mainGroup = 962615421BD3F745001ADE16;
			productRefGroup = 9626154C1BD3F745001ADE16 /* Products */;
			projectDirPath = "";
			projectRoot = "";
			targets = (
				9626154A1BD3F745001ADE16 /* InstaSwipe */,
			);
		};
/* End PBXProject section */

/* Begin PBXResourcesBuildPhase section */
		962615491BD3F745001ADE16 /* Resources */ = {
			isa = PBXResourcesBuildPhase;
			buildActionMask = 2147483647;
			files = (
				962615591BD3F745001ADE16 /* LaunchScreen.storyboard in Resources */,
				9626156E1BD4171B001ADE16 /* CardOverlayView.xib in Resources */,
				962615701BD43426001ADE16 /* CardView.xib in Resources */,
				962615561BD3F745001ADE16 /* Assets.xcassets in Resources */,
				962615541BD3F745001ADE16 /* Main.storyboard in Resources */,
			);
			runOnlyForDeploymentPostprocessing = 0;
		};
/* End PBXResourcesBuildPhase section */

/* Begin PBXShellScriptBuildPhase section */
		309FCE33D0C3120564BC4EB9 /* Embed Pods Frameworks */ = {
			isa = PBXShellScriptBuildPhase;
			buildActionMask = 2147483647;
			files = (
			);
			inputPaths = (
			);
			name = "Embed Pods Frameworks";
			outputPaths = (
			);
			runOnlyForDeploymentPostprocessing = 0;
			shellPath = /bin/sh;
			shellScript = "\"${SRCROOT}/Pods/Target Support Files/Pods-InstaSwipe/Pods-InstaSwipe-frameworks.sh\"\n";
			showEnvVarsInLog = 0;
		};
		71EEF4D5F006B82F833F641F /* Check Pods Manifest.lock */ = {
			isa = PBXShellScriptBuildPhase;
			buildActionMask = 2147483647;
			files = (
			);
			inputPaths = (
			);
			name = "Check Pods Manifest.lock";
			outputPaths = (
			);
			runOnlyForDeploymentPostprocessing = 0;
			shellPath = /bin/sh;
			shellScript = "diff \"${PODS_ROOT}/../Podfile.lock\" \"${PODS_ROOT}/Manifest.lock\" > /dev/null\nif [[ $? != 0 ]] ; then\n    cat << EOM\nerror: The sandbox is not in sync with the Podfile.lock. Run 'pod install' or update your CocoaPods installation.\nEOM\n    exit 1\nfi\n";
			showEnvVarsInLog = 0;
		};
		8D1475039F2EDF0FE1FAEE7A /* Copy Pods Resources */ = {
			isa = PBXShellScriptBuildPhase;
			buildActionMask = 2147483647;
			files = (
			);
			inputPaths = (
			);
			name = "Copy Pods Resources";
			outputPaths = (
			);
			runOnlyForDeploymentPostprocessing = 0;
			shellPath = /bin/sh;
			shellScript = "\"${SRCROOT}/Pods/Target Support Files/Pods-InstaSwipe/Pods-InstaSwipe-resources.sh\"\n";
			showEnvVarsInLog = 0;
		};
/* End PBXShellScriptBuildPhase section */

/* Begin PBXSourcesBuildPhase section */
		962615471BD3F745001ADE16 /* Sources */ = {
			isa = PBXSourcesBuildPhase;
			buildActionMask = 2147483647;
			files = (
				962615621BD40004001ADE16 /* LoginViewController.swift in Sources */,
				962615511BD3F745001ADE16 /* ViewController.swift in Sources */,
				9626156A1BD40EE5001ADE16 /* InstagramManager.m in Sources */,
				9626154F1BD3F745001ADE16 /* AppDelegate.swift in Sources */,
				962615721BD44FBF001ADE16 /* CardView.swift in Sources */,
				9626156C1BD416FB001ADE16 /* CardOverlayView.swift in Sources */,
			);
			runOnlyForDeploymentPostprocessing = 0;
		};
/* End PBXSourcesBuildPhase section */

/* Begin PBXVariantGroup section */
		962615521BD3F745001ADE16 /* Main.storyboard */ = {
			isa = PBXVariantGroup;
			children = (
				962615531BD3F745001ADE16 /* Base */,
			);
			name = Main.storyboard;
			sourceTree = "<group>";
		};
		962615571BD3F745001ADE16 /* LaunchScreen.storyboard */ = {
			isa = PBXVariantGroup;
			children = (
				962615581BD3F745001ADE16 /* Base */,
			);
			name = LaunchScreen.storyboard;
			sourceTree = "<group>";
		};
/* End PBXVariantGroup section */

/* Begin XCBuildConfiguration section */
		9626155B1BD3F745001ADE16 /* Debug */ = {
			isa = XCBuildConfiguration;
			buildSettings = {
				ALWAYS_SEARCH_USER_PATHS = NO;
				CLANG_CXX_LANGUAGE_STANDARD = "gnu++0x";
				CLANG_CXX_LIBRARY = "libc++";
				CLANG_ENABLE_MODULES = YES;
				CLANG_ENABLE_OBJC_ARC = YES;
				CLANG_WARN_BOOL_CONVERSION = YES;
				CLANG_WARN_CONSTANT_CONVERSION = YES;
				CLANG_WARN_DIRECT_OBJC_ISA_USAGE = YES_ERROR;
				CLANG_WARN_EMPTY_BODY = YES;
				CLANG_WARN_ENUM_CONVERSION = YES;
				CLANG_WARN_INT_CONVERSION = YES;
				CLANG_WARN_OBJC_ROOT_CLASS = YES_ERROR;
				CLANG_WARN_UNREACHABLE_CODE = YES;
				CLANG_WARN__DUPLICATE_METHOD_MATCH = YES;
				"CODE_SIGN_IDENTITY[sdk=iphoneos*]" = "iPhone Developer";
				COPY_PHASE_STRIP = NO;
				DEBUG_INFORMATION_FORMAT = dwarf;
				ENABLE_STRICT_OBJC_MSGSEND = YES;
				ENABLE_TESTABILITY = YES;
				GCC_C_LANGUAGE_STANDARD = gnu99;
				GCC_DYNAMIC_NO_PIC = NO;
				GCC_NO_COMMON_BLOCKS = YES;
				GCC_OPTIMIZATION_LEVEL = 0;
				GCC_PREPROCESSOR_DEFINITIONS = (
					"DEBUG=1",
					"$(inherited)",
				);
				GCC_WARN_64_TO_32_BIT_CONVERSION = YES;
				GCC_WARN_ABOUT_RETURN_TYPE = YES_ERROR;
				GCC_WARN_UNDECLARED_SELECTOR = YES;
				GCC_WARN_UNINITIALIZED_AUTOS = YES_AGGRESSIVE;
				GCC_WARN_UNUSED_FUNCTION = YES;
				GCC_WARN_UNUSED_VARIABLE = YES;
				IPHONEOS_DEPLOYMENT_TARGET = 9.0;
				MTL_ENABLE_DEBUG_INFO = YES;
				ONLY_ACTIVE_ARCH = YES;
				SDKROOT = iphoneos;
				SWIFT_OPTIMIZATION_LEVEL = "-Onone";
			};
			name = Debug;
		};
		9626155C1BD3F745001ADE16 /* Release */ = {
			isa = XCBuildConfiguration;
			buildSettings = {
				ALWAYS_SEARCH_USER_PATHS = NO;
				CLANG_CXX_LANGUAGE_STANDARD = "gnu++0x";
				CLANG_CXX_LIBRARY = "libc++";
				CLANG_ENABLE_MODULES = YES;
				CLANG_ENABLE_OBJC_ARC = YES;
				CLANG_WARN_BOOL_CONVERSION = YES;
				CLANG_WARN_CONSTANT_CONVERSION = YES;
				CLANG_WARN_DIRECT_OBJC_ISA_USAGE = YES_ERROR;
				CLANG_WARN_EMPTY_BODY = YES;
				CLANG_WARN_ENUM_CONVERSION = YES;
				CLANG_WARN_INT_CONVERSION = YES;
				CLANG_WARN_OBJC_ROOT_CLASS = YES_ERROR;
				CLANG_WARN_UNREACHABLE_CODE = YES;
				CLANG_WARN__DUPLICATE_METHOD_MATCH = YES;
				"CODE_SIGN_IDENTITY[sdk=iphoneos*]" = "iPhone Developer";
				COPY_PHASE_STRIP = NO;
				DEBUG_INFORMATION_FORMAT = "dwarf-with-dsym";
				ENABLE_NS_ASSERTIONS = NO;
				ENABLE_STRICT_OBJC_MSGSEND = YES;
				GCC_C_LANGUAGE_STANDARD = gnu99;
				GCC_NO_COMMON_BLOCKS = YES;
				GCC_WARN_64_TO_32_BIT_CONVERSION = YES;
				GCC_WARN_ABOUT_RETURN_TYPE = YES_ERROR;
				GCC_WARN_UNDECLARED_SELECTOR = YES;
				GCC_WARN_UNINITIALIZED_AUTOS = YES_AGGRESSIVE;
				GCC_WARN_UNUSED_FUNCTION = YES;
				GCC_WARN_UNUSED_VARIABLE = YES;
				IPHONEOS_DEPLOYMENT_TARGET = 9.0;
				MTL_ENABLE_DEBUG_INFO = NO;
				SDKROOT = iphoneos;
				VALIDATE_PRODUCT = YES;
			};
			name = Release;
		};
		9626155E1BD3F745001ADE16 /* Debug */ = {
			isa = XCBuildConfiguration;
			baseConfigurationReference = 7314393556F2FB8ACA2B62AC /* Pods-InstaSwipe.debug.xcconfig */;
			buildSettings = {
				ASSETCATALOG_COMPILER_APPICON_NAME = AppIcon;
				CLANG_ENABLE_MODULES = YES;
				DEFINES_MODULE = YES;
				INFOPLIST_FILE = InstaSwipe/Info.plist;
				LD_RUNPATH_SEARCH_PATHS = "$(inherited) @executable_path/Frameworks";
				PRODUCT_BUNDLE_IDENTIFIER = com.edwinb.InstaSwipe;
				PRODUCT_NAME = "$(TARGET_NAME)";
				SWIFT_OBJC_BRIDGING_HEADER = "$(SRCROOT)/$(PROJECT_NAME)/InstaSwipe-Bridging-Header.h";
				SWIFT_OPTIMIZATION_LEVEL = "-Onone";
			};
			name = Debug;
		};
		9626155F1BD3F745001ADE16 /* Release */ = {
			isa = XCBuildConfiguration;
			baseConfigurationReference = 2C64AD828E028987834A4135 /* Pods-InstaSwipe.release.xcconfig */;
			buildSettings = {
				ASSETCATALOG_COMPILER_APPICON_NAME = AppIcon;
				CLANG_ENABLE_MODULES = YES;
				DEFINES_MODULE = YES;
				INFOPLIST_FILE = InstaSwipe/Info.plist;
				LD_RUNPATH_SEARCH_PATHS = "$(inherited) @executable_path/Frameworks";
				PRODUCT_BUNDLE_IDENTIFIER = com.edwinb.InstaSwipe;
				PRODUCT_NAME = "$(TARGET_NAME)";
				SWIFT_OBJC_BRIDGING_HEADER = "InstaSwipe/InstaSwipe-Bridging-Header.h";
			};
			name = Release;
		};
/* End XCBuildConfiguration section */

/* Begin XCConfigurationList section */
		962615461BD3F745001ADE16 /* Build configuration list for PBXProject "InstaSwipe" */ = {
			isa = XCConfigurationList;
			buildConfigurations = (
				9626155B1BD3F745001ADE16 /* Debug */,
				9626155C1BD3F745001ADE16 /* Release */,
			);
			defaultConfigurationIsVisible = 0;
			defaultConfigurationName = Release;
		};
		9626155D1BD3F745001ADE16 /* Build configuration list for PBXNativeTarget "InstaSwipe" */ = {
			isa = XCConfigurationList;
			buildConfigurations = (
				9626155E1BD3F745001ADE16 /* Debug */,
				9626155F1BD3F745001ADE16 /* Release */,
			);
			defaultConfigurationIsVisible = 0;
			defaultConfigurationName = Release;
		};
/* End XCConfigurationList section */
	};
	rootObject = 962615431BD3F745001ADE16 /* Project object */;
}
